
Microsoft Visual Studio Solution File, Format Version 12.00
# Visual Studio Version 17
VisualStudioVersion = 17.0.31903.59
MinimumVisualStudioVersion = 10.0.40219.1
Project("{FAE04EC0-301F-11D3-BF4B-00C04F79EFBC}") = "Api", "Api\Api.csproj", "{7244D2A4-7264-4266-9C29-8BC7DF94E570}"
EndProject
Project("{FAE04EC0-301F-11D3-BF4B-00C04F79EFBC}") = "Infrastructure", "Infrastructure\Infrastructure.csproj", "{3D08E7BD-EB3E-437A-B442-3936F14793FE}"
EndProject
Project("{FAE04EC0-301F-11D3-BF4B-00C04F79EFBC}") = "Core", "Core\Core.csproj", "{C2F2E83B-57A0-44FF-A0E1-894E4B5EEB7F}"
EndProject
Global
	GlobalSection(SolutionConfigurationPlatforms) = preSolution
		Debug|Any CPU = Debug|Any CPU
		Release|Any CPU = Release|Any CPU
	EndGlobalSection
	GlobalSection(SolutionProperties) = preSolution
		HideSolutionNode = FALSE
	EndGlobalSection
	GlobalSection(ProjectConfigurationPlatforms) = postSolution
		{7244D2A4-7264-4266-9C29-8BC7DF94E570}.Debug|Any CPU.ActiveCfg = Debug|Any CPU
		{7244D2A4-7264-4266-9C29-8BC7DF94E570}.Debug|Any CPU.Build.0 = Debug|Any CPU
		{7244D2A4-7264-4266-9C29-8BC7DF94E570}.Release|Any CPU.ActiveCfg = Release|Any CPU
		{7244D2A4-7264-4266-9C29-8BC7DF94E570}.Release|Any CPU.Build.0 = Release|Any CPU
		{3D08E7BD-EB3E-437A-B442-3936F14793FE}.Debug|Any CPU.ActiveCfg = Debug|Any CPU
		{3D08E7BD-EB3E-437A-B442-3936F14793FE}.Debug|Any CPU.Build.0 = Debug|Any CPU
		{3D08E7BD-EB3E-437A-B442-3936F14793FE}.Release|Any CPU.ActiveCfg = Release|Any CPU
		{3D08E7BD-EB3E-437A-B442-3936F14793FE}.Release|Any CPU.Build.0 = Release|Any CPU
		{C2F2E83B-57A0-44FF-A0E1-894E4B5EEB7F}.Debug|Any CPU.ActiveCfg = Debug|Any CPU
		{C2F2E83B-57A0-44FF-A0E1-894E4B5EEB7F}.Debug|Any CPU.Build.0 = Debug|Any CPU
		{C2F2E83B-57A0-44FF-A0E1-894E4B5EEB7F}.Release|Any CPU.ActiveCfg = Release|Any CPU
		{C2F2E83B-57A0-44FF-A0E1-894E4B5EEB7F}.Release|Any CPU.Build.0 = Release|Any CPU
	EndGlobalSection
EndGlobal
